
Microsoft Visual Studio Solution File, Format Version 12.00
# Visual Studio 15
VisualStudioVersion = 15.0.28010.2046
MinimumVisualStudioVersion = 10.0.40219.1
Project("{FAE04EC0-301F-11D3-BF4B-00C04F79EFBC}") = "TesteOPC", "TesteOPC.csproj", "{1E32BF58-1599-441B-B7F1-039C603F8E38}"
EndProject
Global
	GlobalSection(SolutionConfigurationPlatforms) = preSolution
		Debug|x86 = Debug|x86
		Release|x86 = Release|x86
	EndGlobalSection
	GlobalSection(ProjectConfigurationPlatforms) = postSolution
		{1E32BF58-1599-441B-B7F1-039C603F8E38}.Debug|x86.ActiveCfg = Debug|x86
		{1E32BF58-1599-441B-B7F1-039C603F8E38}.Debug|x86.Build.0 = Debug|x86
		{1E32BF58-1599-441B-B7F1-039C603F8E38}.Release|x86.ActiveCfg = Release|x86
		{1E32BF58-1599-441B-B7F1-039C603F8E38}.Release|x86.Build.0 = Release|x86
	EndGlobalSection
	GlobalSection(SolutionProperties) = preSolution
		HideSolutionNode = FALSE
	EndGlobalSection
	GlobalSection(ExtensibilityGlobals) = postSolution
		SolutionGuid = {75CC93D0-9DFB-4497-BC4D-FAE79277BC88}
	EndGlobalSection
EndGlobal
